
Microsoft Visual Studio Solution File, Format Version 12.00
# Visual Studio Version 17
VisualStudioVersion = 17.0.31919.166
MinimumVisualStudioVersion = 10.0.40219.1
Project("{FAE04EC0-301F-11D3-BF4B-00C04F79EFBC}") = "JNControls", "JNControls\JNControls.csproj", "{2D107C0A-C141-4AAB-BC40-847377266C06}"
EndProject
Project("{FAE04EC0-301F-11D3-BF4B-00C04F79EFBC}") = "Gestion.Colegial.UI", "Gestion.Colegial.UI\Gestion.Colegial.UI.csproj", "{68CC1D0A-F39E-4BBA-BBED-719FAF88A9F8}"
EndProject
Project("{FAE04EC0-301F-11D3-BF4B-00C04F79EFBC}") = "Gestion.Colegial.Business", "Gestion.Colegial.Business\Gestion.Colegial.Business.csproj", "{E785E9D7-E7BD-4DFD-B1FF-3C2426E3CD7B}"
EndProject
Project("{FAE04EC0-301F-11D3-BF4B-00C04F79EFBC}") = "Gestion.Colegial.DataAccess", "Gestion.Colegial.DataAccess\Gestion.Colegial.DataAccess.csproj", "{D10394DD-1EBF-4411-B727-83380B8B4A8C}"
EndProject
Project("{FAE04EC0-301F-11D3-BF4B-00C04F79EFBC}") = "Gestion.Colegial.Commons", "Gestion.Colegial.Commons\Gestion.Colegial.Commons.csproj", "{283C4C91-F893-4F13-93DD-B240E8119866}"
EndProject
Project("{9A19103F-16F7-4668-BE54-9A1E7A4F7556}") = "ClassLibrary1", "ClassLibrary1\ClassLibrary1.csproj", "{9683593E-8388-4EAB-8CC5-AF07E647A177}"
EndProject
Project("{2150E333-8FDC-42A3-9474-1A3956D46DE8}") = "00-Commons", "00-Commons", "{BA90FC0C-39DF-4C35-A278-AD7CE524A47C}"
EndProject
Project("{2150E333-8FDC-42A3-9474-1A3956D46DE8}") = "01-DataAccess", "01-DataAccess", "{1A1FA6F6-0956-4891-87E7-68110FD1F482}"
EndProject
Project("{2150E333-8FDC-42A3-9474-1A3956D46DE8}") = "02-Business", "02-Business", "{02684C25-5CB8-4438-B60B-6C38AFAE0466}"
EndProject
Project("{2150E333-8FDC-42A3-9474-1A3956D46DE8}") = "03-UserInterface", "03-UserInterface", "{A7F14D71-A0D4-4604-86BE-2D239D41BE2E}"
EndProject
Project("{2150E333-8FDC-42A3-9474-1A3956D46DE8}") = "04-Controls", "04-Controls", "{76E47EB9-9960-475E-8FCB-7704004EFF79}"
EndProject
Global
	GlobalSection(SolutionConfigurationPlatforms) = preSolution
		Debug|Any CPU = Debug|Any CPU
		Release|Any CPU = Release|Any CPU
	EndGlobalSection
	GlobalSection(ProjectConfigurationPlatforms) = postSolution
		{2D107C0A-C141-4AAB-BC40-847377266C06}.Debug|Any CPU.ActiveCfg = Debug|Any CPU
		{2D107C0A-C141-4AAB-BC40-847377266C06}.Debug|Any CPU.Build.0 = Debug|Any CPU
		{2D107C0A-C141-4AAB-BC40-847377266C06}.Release|Any CPU.ActiveCfg = Release|Any CPU
		{2D107C0A-C141-4AAB-BC40-847377266C06}.Release|Any CPU.Build.0 = Release|Any CPU
		{68CC1D0A-F39E-4BBA-BBED-719FAF88A9F8}.Debug|Any CPU.ActiveCfg = Debug|Any CPU
		{68CC1D0A-F39E-4BBA-BBED-719FAF88A9F8}.Debug|Any CPU.Build.0 = Debug|Any CPU
		{68CC1D0A-F39E-4BBA-BBED-719FAF88A9F8}.Release|Any CPU.ActiveCfg = Release|Any CPU
		{68CC1D0A-F39E-4BBA-BBED-719FAF88A9F8}.Release|Any CPU.Build.0 = Release|Any CPU
		{E785E9D7-E7BD-4DFD-B1FF-3C2426E3CD7B}.Debug|Any CPU.ActiveCfg = Debug|Any CPU
		{E785E9D7-E7BD-4DFD-B1FF-3C2426E3CD7B}.Debug|Any CPU.Build.0 = Debug|Any CPU
		{E785E9D7-E7BD-4DFD-B1FF-3C2426E3CD7B}.Release|Any CPU.ActiveCfg = Release|Any CPU
		{E785E9D7-E7BD-4DFD-B1FF-3C2426E3CD7B}.Release|Any CPU.Build.0 = Release|Any CPU
		{D10394DD-1EBF-4411-B727-83380B8B4A8C}.Debug|Any CPU.ActiveCfg = Debug|Any CPU
		{D10394DD-1EBF-4411-B727-83380B8B4A8C}.Debug|Any CPU.Build.0 = Debug|Any CPU
		{D10394DD-1EBF-4411-B727-83380B8B4A8C}.Release|Any CPU.ActiveCfg = Release|Any CPU
		{D10394DD-1EBF-4411-B727-83380B8B4A8C}.Release|Any CPU.Build.0 = Release|Any CPU
		{283C4C91-F893-4F13-93DD-B240E8119866}.Debug|Any CPU.ActiveCfg = Debug|Any CPU
		{283C4C91-F893-4F13-93DD-B240E8119866}.Debug|Any CPU.Build.0 = Debug|Any CPU
		{283C4C91-F893-4F13-93DD-B240E8119866}.Release|Any CPU.ActiveCfg = Release|Any CPU
		{283C4C91-F893-4F13-93DD-B240E8119866}.Release|Any CPU.Build.0 = Release|Any CPU
		{9683593E-8388-4EAB-8CC5-AF07E647A177}.Debug|Any CPU.ActiveCfg = Debug|Any CPU
		{9683593E-8388-4EAB-8CC5-AF07E647A177}.Debug|Any CPU.Build.0 = Debug|Any CPU
		{9683593E-8388-4EAB-8CC5-AF07E647A177}.Release|Any CPU.ActiveCfg = Release|Any CPU
		{9683593E-8388-4EAB-8CC5-AF07E647A177}.Release|Any CPU.Build.0 = Release|Any CPU
	EndGlobalSection
	GlobalSection(SolutionProperties) = preSolution
		HideSolutionNode = FALSE
	EndGlobalSection
	GlobalSection(NestedProjects) = preSolution
		{2D107C0A-C141-4AAB-BC40-847377266C06} = {76E47EB9-9960-475E-8FCB-7704004EFF79}
		{68CC1D0A-F39E-4BBA-BBED-719FAF88A9F8} = {A7F14D71-A0D4-4604-86BE-2D239D41BE2E}
		{E785E9D7-E7BD-4DFD-B1FF-3C2426E3CD7B} = {02684C25-5CB8-4438-B60B-6C38AFAE0466}
		{D10394DD-1EBF-4411-B727-83380B8B4A8C} = {1A1FA6F6-0956-4891-87E7-68110FD1F482}
		{283C4C91-F893-4F13-93DD-B240E8119866} = {BA90FC0C-39DF-4C35-A278-AD7CE524A47C}
	EndGlobalSection
	GlobalSection(ExtensibilityGlobals) = postSolution
		SolutionGuid = {3CD04F4E-D531-4B57-B281-CF0E0E9460B6}
	EndGlobalSection
EndGlobal
